
Microsoft Visual Studio Solution File, Format Version 12.00
# Visual Studio Version 17
VisualStudioVersion = 17.8.34525.116
MinimumVisualStudioVersion = 10.0.40219.1
Project("{9A19103F-16F7-4668-BE54-9A1E7A4F7556}") = "LC Portfolio", "LC Portfolio.csproj", "{2192977D-91E3-41A9-94D8-1D716BC8BB45}"
EndProject
Global
	GlobalSection(SolutionConfigurationPlatforms) = preSolution
		Debug|Any CPU = Debug|Any CPU
		Release|Any CPU = Release|Any CPU
	EndGlobalSection
	GlobalSection(ProjectConfigurationPlatforms) = postSolution
		{2192977D-91E3-41A9-94D8-1D716BC8BB45}.Debug|Any CPU.ActiveCfg = Debug|Any CPU
		{2192977D-91E3-41A9-94D8-1D716BC8BB45}.Debug|Any CPU.Build.0 = Debug|Any CPU
		{2192977D-91E3-41A9-94D8-1D716BC8BB45}.Release|Any CPU.ActiveCfg = Release|Any CPU
		{2192977D-91E3-41A9-94D8-1D716BC8BB45}.Release|Any CPU.Build.0 = Release|Any CPU
	EndGlobalSection
	GlobalSection(SolutionProperties) = preSolution
		HideSolutionNode = FALSE
	EndGlobalSection
	GlobalSection(ExtensibilityGlobals) = postSolution
		SolutionGuid = {F4F27893-924D-4ABC-8CB8-BC7CBC3D4286}
	EndGlobalSection
EndGlobal
